{
  "name": "d9dbd16753024c24",
  "lockfileVersion": 3,
  "requires": true,
  "packages": {
    "": {
      "dependencies": {
        "vue-cli-service": "^5.0.10"
      }
    },
    "node_modules/vue-cli-service": {
      "version": "5.0.10",
      "resolved": "https://registry.npmmirror.com/vue-cli-service/-/vue-cli-service-5.0.10.tgz",
      "integrity": "sha512-j4+wxqjaHsgphWsQsDs0ET1TWSu+dW5syxk5MloTp6BsQ9dpN+SB0nq253thS6konMC+YiQLHxbf73ytrTHoRA==",
      "license": "UNLICENSED",
      "bin": {
        "vue-cli-service": "wrapper.sh"
      }
    }
  }
}
